
Microsoft Visual Studio Solution File, Format Version 12.00
# Visual Studio Version 16
VisualStudioVersion = 16.0.29519.87
MinimumVisualStudioVersion = 10.0.40219.1
Project("{FAE04EC0-301F-11D3-BF4B-00C04F79EFBC}") = "GpaCalculatorDemo", "GpaCalculatorDemo\GpaCalculatorDemo.csproj", "{D04578EA-7F15-428C-B3BF-EE1CB33BA78B}"
EndProject
Global
	GlobalSection(SolutionConfigurationPlatforms) = preSolution
		Debug|Any CPU = Debug|Any CPU
		Release|Any CPU = Release|Any CPU
	EndGlobalSection
	GlobalSection(ProjectConfigurationPlatforms) = postSolution
		{D04578EA-7F15-428C-B3BF-EE1CB33BA78B}.Debug|Any CPU.ActiveCfg = Debug|Any CPU
		{D04578EA-7F15-428C-B3BF-EE1CB33BA78B}.Debug|Any CPU.Build.0 = Debug|Any CPU
		{D04578EA-7F15-428C-B3BF-EE1CB33BA78B}.Release|Any CPU.ActiveCfg = Release|Any CPU
		{D04578EA-7F15-428C-B3BF-EE1CB33BA78B}.Release|Any CPU.Build.0 = Release|Any CPU
	EndGlobalSection
	GlobalSection(SolutionProperties) = preSolution
		HideSolutionNode = FALSE
	EndGlobalSection
	GlobalSection(ExtensibilityGlobals) = postSolution
		SolutionGuid = {5FEA90D9-3108-494E-A6C6-F94F93B09795}
	EndGlobalSection
EndGlobal
